
Microsoft Visual Studio Solution File, Format Version 12.00
# Visual Studio 15
VisualStudioVersion = 15.0.28307.106
MinimumVisualStudioVersion = 10.0.40219.1
Project("{9A19103F-16F7-4668-BE54-9A1E7A4F7556}") = "DataLoader", "DataLoader\DataLoader.csproj", "{7205CD4E-797B-417F-B23B-9A6A1476A636}"
EndProject
Project("{9A19103F-16F7-4668-BE54-9A1E7A4F7556}") = "DataClasses", "DataClasses\DataClasses.csproj", "{8B0C5F2E-F190-453E-A507-32CCCC2620EF}"
EndProject
Project("{FAE04EC0-301F-11D3-BF4B-00C04F79EFBC}") = "FrontEnd", "FrontEnd\FrontEnd.csproj", "{8F5E704A-4F0E-46A4-A858-71392873D037}"
EndProject
Global
	GlobalSection(SolutionConfigurationPlatforms) = preSolution
		Debug|Any CPU = Debug|Any CPU
		Release|Any CPU = Release|Any CPU
	EndGlobalSection
	GlobalSection(ProjectConfigurationPlatforms) = postSolution
		{7205CD4E-797B-417F-B23B-9A6A1476A636}.Debug|Any CPU.ActiveCfg = Debug|Any CPU
		{7205CD4E-797B-417F-B23B-9A6A1476A636}.Debug|Any CPU.Build.0 = Debug|Any CPU
		{7205CD4E-797B-417F-B23B-9A6A1476A636}.Release|Any CPU.ActiveCfg = Release|Any CPU
		{7205CD4E-797B-417F-B23B-9A6A1476A636}.Release|Any CPU.Build.0 = Release|Any CPU
		{8B0C5F2E-F190-453E-A507-32CCCC2620EF}.Debug|Any CPU.ActiveCfg = Debug|Any CPU
		{8B0C5F2E-F190-453E-A507-32CCCC2620EF}.Debug|Any CPU.Build.0 = Debug|Any CPU
		{8B0C5F2E-F190-453E-A507-32CCCC2620EF}.Release|Any CPU.ActiveCfg = Release|Any CPU
		{8B0C5F2E-F190-453E-A507-32CCCC2620EF}.Release|Any CPU.Build.0 = Release|Any CPU
		{8F5E704A-4F0E-46A4-A858-71392873D037}.Debug|Any CPU.ActiveCfg = Debug|Any CPU
		{8F5E704A-4F0E-46A4-A858-71392873D037}.Debug|Any CPU.Build.0 = Debug|Any CPU
		{8F5E704A-4F0E-46A4-A858-71392873D037}.Release|Any CPU.ActiveCfg = Release|Any CPU
		{8F5E704A-4F0E-46A4-A858-71392873D037}.Release|Any CPU.Build.0 = Release|Any CPU
	EndGlobalSection
	GlobalSection(SolutionProperties) = preSolution
		HideSolutionNode = FALSE
	EndGlobalSection
	GlobalSection(ExtensibilityGlobals) = postSolution
		SolutionGuid = {B0E9AC49-C17F-4AE7-B4B6-9325251DB6F1}
	EndGlobalSection
EndGlobal
